// !$*UTF8*$!
{
	archiveVersion = 1;
	classes = {
	};
	objectVersion = 46;
	objects = {

/* Begin PBXBuildFile section */
		325075731DC64E6D00712D91 /* TreeTableViewAdaptor.swift in Sources */ = {isa = PBXBuildFile; fileRef = 325075721DC64E6D00712D91 /* TreeTableViewAdaptor.swift */; };
		325F465F1DC545270079F2EE /* AppDelegate.swift in Sources */ = {isa = PBXBuildFile; fileRef = 325F465E1DC545270079F2EE /* AppDelegate.swift */; };
		325F46611DC545270079F2EE /* ViewController.swift in Sources */ = {isa = PBXBuildFile; fileRef = 325F46601DC545270079F2EE /* ViewController.swift */; };
		325F46641DC545270079F2EE /* Main.storyboard in Resources */ = {isa = PBXBuildFile; fileRef = 325F46621DC545270079F2EE /* Main.storyboard */; };
		325F46661DC545270079F2EE /* Assets.xcassets in Resources */ = {isa = PBXBuildFile; fileRef = 325F46651DC545270079F2EE /* Assets.xcassets */; };
		325F46691DC545270079F2EE /* LaunchScreen.storyboard in Resources */ = {isa = PBXBuildFile; fileRef = 325F46671DC545270079F2EE /* LaunchScreen.storyboard */; };
		325F46731DC54E7A0079F2EE /* FolderTableViewCell.swift in Sources */ = {isa = PBXBuildFile; fileRef = 325F46721DC54E7A0079F2EE /* FolderTableViewCell.swift */; };
		325F46751DC54EC80079F2EE /* FolderCellViewModel.swift in Sources */ = {isa = PBXBuildFile; fileRef = 325F46741DC54EC80079F2EE /* FolderCellViewModel.swift */; };
		325F46771DC5549C0079F2EE /* Helpers.swift in Sources */ = {isa = PBXBuildFile; fileRef = 325F46761DC5549C0079F2EE /* Helpers.swift */; };
/* End PBXBuildFile section */

/* Begin PBXFileReference section */
		325075721DC64E6D00712D91 /* TreeTableViewAdaptor.swift */ = {isa = PBXFileReference; fileEncoding = 4; lastKnownFileType = sourcecode.swift; name = TreeTableViewAdaptor.swift; path = ../../TreeTableViewAdaptor/TreeTableViewAdaptor.swift; sourceTree = "<group>"; };
		325F465B1DC545260079F2EE /* TreeTableViewAdaptorExample2.app */ = {isa = PBXFileReference; explicitFileType = wrapper.application; includeInIndex = 0; path = TreeTableViewAdaptorExample2.app; sourceTree = BUILT_PRODUCTS_DIR; };
		325F465E1DC545270079F2EE /* AppDelegate.swift */ = {isa = PBXFileReference; lastKnownFileType = sourcecode.swift; path = AppDelegate.swift; sourceTree = "<group>"; };
		325F46601DC545270079F2EE /* ViewController.swift */ = {isa = PBXFileReference; lastKnownFileType = sourcecode.swift; path = ViewController.swift; sourceTree = "<group>"; };
		325F46631DC545270079F2EE /* Base */ = {isa = PBXFileReference; lastKnownFileType = file.storyboard; name = Base; path = Base.lproj/Main.storyboard; sourceTree = "<group>"; };
		325F46651DC545270079F2EE /* Assets.xcassets */ = {isa = PBXFileReference; lastKnownFileType = folder.assetcatalog; path = Assets.xcassets; sourceTree = "<group>"; };
		325F46681DC545270079F2EE /* Base */ = {isa = PBXFileReference; lastKnownFileType = file.storyboard; name = Base; path = Base.lproj/LaunchScreen.storyboard; sourceTree = "<group>"; };
		325F466A1DC545270079F2EE /* Info.plist */ = {isa = PBXFileReference; lastKnownFileType = text.plist.xml; path = Info.plist; sourceTree = "<group>"; };
		325F46721DC54E7A0079F2EE /* FolderTableViewCell.swift */ = {isa = PBXFileReference; fileEncoding = 4; lastKnownFileType = sourcecode.swift; path = FolderTableViewCell.swift; sourceTree = "<group>"; };
		325F46741DC54EC80079F2EE /* FolderCellViewModel.swift */ = {isa = PBXFileReference; fileEncoding = 4; lastKnownFileType = sourcecode.swift; path = FolderCellViewModel.swift; sourceTree = "<group>"; };
		325F46761DC5549C0079F2EE /* Helpers.swift */ = {isa = PBXFileReference; fileEncoding = 4; lastKnownFileType = sourcecode.swift; path = Helpers.swift; sourceTree = "<group>"; };
/* End PBXFileReference section */

/* Begin PBXFrameworksBuildPhase section */
		325F46581DC545260079F2EE /* Frameworks */ = {
			isa = PBXFrameworksBuildPhase;
			buildActionMask = 2147483647;
			files = (
			);
			runOnlyForDeploymentPostprocessing = 0;
		};
/* End PBXFrameworksBuildPhase section */

/* Begin PBXGroup section */
		325F46521DC545260079F2EE = {
			isa = PBXGroup;
			children = (
				325F465D1DC545270079F2EE /* TreeTableViewAdaptor */,
				325F465C1DC545260079F2EE /* Products */,
			);
			sourceTree = "<group>";
		};
		325F465C1DC545260079F2EE /* Products */ = {
			isa = PBXGroup;
			children = (
				325F465B1DC545260079F2EE /* TreeTableViewAdaptorExample2.app */,
			);
			name = Products;
			sourceTree = "<group>";
		};
		325F465D1DC545270079F2EE /* TreeTableViewAdaptor */ = {
			isa = PBXGroup;
			children = (
				325075721DC64E6D00712D91 /* TreeTableViewAdaptor.swift */,
				325F465E1DC545270079F2EE /* AppDelegate.swift */,
				325F46601DC545270079F2EE /* ViewController.swift */,
				325F46621DC545270079F2EE /* Main.storyboard */,
				325F46651DC545270079F2EE /* Assets.xcassets */,
				325F46671DC545270079F2EE /* LaunchScreen.storyboard */,
				325F466A1DC545270079F2EE /* Info.plist */,
				325F46721DC54E7A0079F2EE /* FolderTableViewCell.swift */,
				325F46741DC54EC80079F2EE /* FolderCellViewModel.swift */,
				325F46761DC5549C0079F2EE /* Helpers.swift */,
			);
			path = TreeTableViewAdaptor;
			sourceTree = "<group>";
		};
/* End PBXGroup section */

/* Begin PBXNativeTarget section */
		325F465A1DC545260079F2EE /* TreeTableViewAdaptorExample2 */ = {
			isa = PBXNativeTarget;
			buildConfigurationList = 325F466D1DC545270079F2EE /* Build configuration list for PBXNativeTarget "TreeTableViewAdaptorExample2" */;
			buildPhases = (
				325F46571DC545260079F2EE /* Sources */,
				325F46581DC545260079F2EE /* Frameworks */,
				325F46591DC545260079F2EE /* Resources */,
			);
			buildRules = (
			);
			dependencies = (
			);
			name = TreeTableViewAdaptorExample2;
			productName = TreeTableViewAdaptor;
			productReference = 325F465B1DC545260079F2EE /* TreeTableViewAdaptorExample2.app */;
			productType = "com.apple.product-type.application";
		};
/* End PBXNativeTarget section */

/* Begin PBXProject section */
		325F46531DC545260079F2EE /* Project object */ = {
			isa = PBXProject;
			attributes = {
				LastSwiftUpdateCheck = 0730;
				LastUpgradeCheck = 0730;
				ORGANIZATIONNAME = "Dmitriy Tsvetkov";
				TargetAttributes = {
					325F465A1DC545260079F2EE = {
						CreatedOnToolsVersion = 7.3.1;
						DevelopmentTeam = 7FCH84EN89;
					};
				};
			};
			buildConfigurationList = 325F46561DC545260079F2EE /* Build configuration list for PBXProject "TreeTableViewAdaptorExample2" */;
			compatibilityVersion = "Xcode 3.2";
			developmentRegion = English;
			hasScannedForEncodings = 0;
			knownRegions = (
				en,
				Base,
			);
			mainGroup = 325F46521DC545260079F2EE;
			productRefGroup = 325F465C1DC545260079F2EE /* Products */;
			projectDirPath = "";
			projectRoot = "";
			targets = (
				325F465A1DC545260079F2EE /* TreeTableViewAdaptorExample2 */,
			);
		};
/* End PBXProject section */

/* Begin PBXResourcesBuildPhase section */
		325F46591DC545260079F2EE /* Resources */ = {
			isa = PBXResourcesBuildPhase;
			buildActionMask = 2147483647;
			files = (
				325F46691DC545270079F2EE /* LaunchScreen.storyboard in Resources */,
				325F46661DC545270079F2EE /* Assets.xcassets in Resources */,
				325F46641DC545270079F2EE /* Main.storyboard in Resources */,
			);
			runOnlyForDeploymentPostprocessing = 0;
		};
/* End PBXResourcesBuildPhase section */

/* Begin PBXSourcesBuildPhase section */
		325F46571DC545260079F2EE /* Sources */ = {
			isa = PBXSourcesBuildPhase;
			buildActionMask = 2147483647;
			files = (
				325F46771DC5549C0079F2EE /* Helpers.swift in Sources */,
				325075731DC64E6D00712D91 /* TreeTableViewAdaptor.swift in Sources */,
				325F46611DC545270079F2EE /* ViewController.swift in Sources */,
				325F46751DC54EC80079F2EE /* FolderCellViewModel.swift in Sources */,
				325F465F1DC545270079F2EE /* AppDelegate.swift in Sources */,
				325F46731DC54E7A0079F2EE /* FolderTableViewCell.swift in Sources */,
			);
			runOnlyForDeploymentPostprocessing = 0;
		};
/* End PBXSourcesBuildPhase section */

/* Begin PBXVariantGroup section */
		325F46621DC545270079F2EE /* Main.storyboard */ = {
			isa = PBXVariantGroup;
			children = (
				325F46631DC545270079F2EE /* Base */,
			);
			name = Main.storyboard;
			sourceTree = "<group>";
		};
		325F46671DC545270079F2EE /* LaunchScreen.storyboard */ = {
			isa = PBXVariantGroup;
			children = (
				325F46681DC545270079F2EE /* Base */,
			);
			name = LaunchScreen.storyboard;
			sourceTree = "<group>";
		};
/* End PBXVariantGroup section */

/* Begin XCBuildConfiguration section */
		325F466B1DC545270079F2EE /* Debug */ = {
			isa = XCBuildConfiguration;
			buildSettings = {
				ALWAYS_SEARCH_USER_PATHS = NO;
				CLANG_ANALYZER_NONNULL = YES;
				CLANG_CXX_LANGUAGE_STANDARD = "gnu++0x";
				CLANG_CXX_LIBRARY = "libc++";
				CLANG_ENABLE_MODULES = YES;
				CLANG_ENABLE_OBJC_ARC = YES;
				CLANG_WARN_BOOL_CONVERSION = YES;
				CLANG_WARN_CONSTANT_CONVERSION = YES;
				CLANG_WARN_DIRECT_OBJC_ISA_USAGE = YES_ERROR;
				CLANG_WARN_EMPTY_BODY = YES;
				CLANG_WARN_ENUM_CONVERSION = YES;
				CLANG_WARN_INT_CONVERSION = YES;
				CLANG_WARN_OBJC_ROOT_CLASS = YES_ERROR;
				CLANG_WARN_UNREACHABLE_CODE = YES;
				CLANG_WARN__DUPLICATE_METHOD_MATCH = YES;
				"CODE_SIGN_IDENTITY[sdk=iphoneos*]" = "iPhone Developer";
				COPY_PHASE_STRIP = NO;
				DEBUG_INFORMATION_FORMAT = dwarf;
				ENABLE_STRICT_OBJC_MSGSEND = YES;
				ENABLE_TESTABILITY = YES;
				GCC_C_LANGUAGE_STANDARD = gnu99;
				GCC_DYNAMIC_NO_PIC = NO;
				GCC_NO_COMMON_BLOCKS = YES;
				GCC_OPTIMIZATION_LEVEL = 0;
				GCC_PREPROCESSOR_DEFINITIONS = (
					"DEBUG=1",
					"$(inherited)",
				);
				GCC_WARN_64_TO_32_BIT_CONVERSION = YES;
				GCC_WARN_ABOUT_RETURN_TYPE = YES_ERROR;
				GCC_WARN_UNDECLARED_SELECTOR = YES;
				GCC_WARN_UNINITIALIZED_AUTOS = YES_AGGRESSIVE;
				GCC_WARN_UNUSED_FUNCTION = YES;
				GCC_WARN_UNUSED_VARIABLE = YES;
				IPHONEOS_DEPLOYMENT_TARGET = 9.3;
				MTL_ENABLE_DEBUG_INFO = YES;
				ONLY_ACTIVE_ARCH = YES;
				SDKROOT = iphoneos;
				SWIFT_OPTIMIZATION_LEVEL = "-Onone";
				TARGETED_DEVICE_FAMILY = "1,2";
			};
			name = Debug;
		};
		325F466C1DC545270079F2EE /* Release */ = {
			isa = XCBuildConfiguration;
			buildSettings = {
				ALWAYS_SEARCH_USER_PATHS = NO;
				CLANG_ANALYZER_NONNULL = YES;
				CLANG_CXX_LANGUAGE_STANDARD = "gnu++0x";
				CLANG_CXX_LIBRARY = "libc++";
				CLANG_ENABLE_MODULES = YES;
				CLANG_ENABLE_OBJC_ARC = YES;
				CLANG_WARN_BOOL_CONVERSION = YES;
				CLANG_WARN_CONSTANT_CONVERSION = YES;
				CLANG_WARN_DIRECT_OBJC_ISA_USAGE = YES_ERROR;
				CLANG_WARN_EMPTY_BODY = YES;
				CLANG_WARN_ENUM_CONVERSION = YES;
				CLANG_WARN_INT_CONVERSION = YES;
				CLANG_WARN_OBJC_ROOT_CLASS = YES_ERROR;
				CLANG_WARN_UNREACHABLE_CODE = YES;
				CLANG_WARN__DUPLICATE_METHOD_MATCH = YES;
				"CODE_SIGN_IDENTITY[sdk=iphoneos*]" = "iPhone Developer";
				COPY_PHASE_STRIP = NO;
				DEBUG_INFORMATION_FORMAT = "dwarf-with-dsym";
				ENABLE_NS_ASSERTIONS = NO;
				ENABLE_STRICT_OBJC_MSGSEND = YES;
				GCC_C_LANGUAGE_STANDARD = gnu99;
				GCC_NO_COMMON_BLOCKS = YES;
				GCC_WARN_64_TO_32_BIT_CONVERSION = YES;
				GCC_WARN_ABOUT_RETURN_TYPE = YES_ERROR;
				GCC_WARN_UNDECLARED_SELECTOR = YES;
				GCC_WARN_UNINITIALIZED_AUTOS = YES_AGGRESSIVE;
				GCC_WARN_UNUSED_FUNCTION = YES;
				GCC_WARN_UNUSED_VARIABLE = YES;
				IPHONEOS_DEPLOYMENT_TARGET = 9.3;
				MTL_ENABLE_DEBUG_INFO = NO;
				SDKROOT = iphoneos;
				TARGETED_DEVICE_FAMILY = "1,2";
				VALIDATE_PRODUCT = YES;
			};
			name = Release;
		};
		325F466E1DC545270079F2EE /* Debug */ = {
			isa = XCBuildConfiguration;
			buildSettings = {
				ASSETCATALOG_COMPILER_APPICON_NAME = AppIcon;
				CODE_SIGN_IDENTITY = "iPhone Developer";
				INFOPLIST_FILE = TreeTableViewAdaptor/Info.plist;
				LD_RUNPATH_SEARCH_PATHS = "$(inherited) @executable_path/Frameworks";
				PRODUCT_BUNDLE_IDENTIFIER = com.dtsvz.TreeTableViewAdaptorExample2;
				PRODUCT_NAME = TreeTableViewAdaptorExample2;
			};
			name = Debug;
		};
		325F466F1DC545270079F2EE /* Release */ = {
			isa = XCBuildConfiguration;
			buildSettings = {
				ASSETCATALOG_COMPILER_APPICON_NAME = AppIcon;
				CODE_SIGN_IDENTITY = "iPhone Developer";
				INFOPLIST_FILE = TreeTableViewAdaptor/Info.plist;
				LD_RUNPATH_SEARCH_PATHS = "$(inherited) @executable_path/Frameworks";
				PRODUCT_BUNDLE_IDENTIFIER = com.dtsvz.TreeTableViewAdaptorExample2;
				PRODUCT_NAME = TreeTableViewAdaptorExample2;
			};
			name = Release;
		};
/* End XCBuildConfiguration section */

/* Begin XCConfigurationList section */
		325F46561DC545260079F2EE /* Build configuration list for PBXProject "TreeTableViewAdaptorExample2" */ = {
			isa = XCConfigurationList;
			buildConfigurations = (
				325F466B1DC545270079F2EE /* Debug */,
				325F466C1DC545270079F2EE /* Release */,
			);
			defaultConfigurationIsVisible = 0;
			defaultConfigurationName = Release;
		};
		325F466D1DC545270079F2EE /* Build configuration list for PBXNativeTarget "TreeTableViewAdaptorExample2" */ = {
			isa = XCConfigurationList;
			buildConfigurations = (
				325F466E1DC545270079F2EE /* Debug */,
				325F466F1DC545270079F2EE /* Release */,
			);
			defaultConfigurationIsVisible = 0;
			defaultConfigurationName = Release;
		};
/* End XCConfigurationList section */
	};
	rootObject = 325F46531DC545260079F2EE /* Project object */;
}
